PODS:
  - Alamofire (5.4.4)
  - AlamofireImage (4.2.0):
    - Alamofire (~> 5.4)
  - Introspect (0.1.4)
  - SVProgressHUD (2.2.5)
  - SwiftUIRefresh (0.0.3):
    - Introspect (~> 0.1.0)

DEPENDENCIES:
  - Alamofire
  - AlamofireImage
  - SVProgressHUD (~> 2.2.5)
  - SwiftUIRefresh

SPEC REPOS:
  trunk:
    - Alamofire
    - AlamofireImage
    - Introspect
    - SVProgressHUD
    - SwiftUIRefresh

SPEC CHECKSUMS:
  Alamofire: f3b09a368f1582ab751b3fff5460276e0d2cf5c9
  AlamofireImage: 34a2d90b0e5fe6a5605f85ae4b7b01e784c60192
  Introspect: b62c4dd2063072327c21d618ef2bedc3c87bc366
  SVProgressHUD: 1428aafac632c1f86f62aa4243ec12008d7a51d6
  SwiftUIRefresh: ca6ae2718d25aad5dd68bbf5d2ae36ef6ade98bf

PODFILE CHECKSUM: c822936c1b20de3aff9a48a860f8028e9dc4193b

COCOAPODS: 1.11.2
